
Microsoft Visual Studio Solution File, Format Version 12.00
# Visual Studio Version 17
VisualStudioVersion = 17.13.35931.197
MinimumVisualStudioVersion = 10.0.40219.1
Project("{8BC9CEB8-8B4A-11D0-8D11-00A0C91BC942}") = "PG3", "PG3\PG3.vcxproj", "{42741E23-741A-4613-9E8D-B9659E2374D6}"
EndProject
Project("{8BC9CEB8-8B4A-11D0-8D11-00A0C91BC942}") = "00_01", "00_01\00_01.vcxproj", "{2AD36BA8-2208-4D6D-B745-4DE37409B213}"
EndProject
Project("{2150E333-8FDC-42A3-9474-1A3956D46DE8}") = "ソリューション項目", "ソリューション項目", "{2022CB0F-8BAF-F49E-0C48-8EF4C96EC109}"
	ProjectSection(SolutionItems) = preProject
		.editorconfig = .editorconfig
	EndProjectSection
EndProject
Project("{8BC9CEB8-8B4A-11D0-8D11-00A0C91BC942}") = "01_01", "01_01\01_01.vcxproj", "{6B001038-A9A9-4BEC-8122-26A767EDA66E}"
EndProject
Project("{8BC9CEB8-8B4A-11D0-8D11-00A0C91BC942}") = "01_02", "01_02\01_02.vcxproj", "{5CA4832F-315F-41B4-A1F0-72E95D8E6E8B}"
EndProject
Project("{8BC9CEB8-8B4A-11D0-8D11-00A0C91BC942}") = "02_01", "02_01\02_01.vcxproj", "{40152525-978D-41F3-A006-678DA695000C}"
EndProject
Project("{8BC9CEB8-8B4A-11D0-8D11-00A0C91BC942}") = "02_02", "02_02\02_02.vcxproj", "{4DCCC7A1-2A2D-476A-8B77-991CA7E29EB7}"
EndProject
Project("{8BC9CEB8-8B4A-11D0-8D11-00A0C91BC942}") = "02_03", "02_03\02_03.vcxproj", "{03E34338-C38B-4AFC-BAF9-59B4A0C6F1B8}"
EndProject
Project("{8BC9CEB8-8B4A-11D0-8D11-00A0C91BC942}") = "02_04", "02_04\02_04.vcxproj", "{750E5FE4-60A2-4B1D-9114-34A3ECF268B5}"
EndProject
Project("{8BC9CEB8-8B4A-11D0-8D11-00A0C91BC942}") = "3_1", "3_1\3_1.vcxproj", "{54BCD83E-8132-4E4D-BF21-344EA3C2A2F5}"
EndProject
Project("{8BC9CEB8-8B4A-11D0-8D11-00A0C91BC942}") = "03_02", "03_02\03_02.vcxproj", "{1DB31718-6660-4C02-B1E0-DBFCFF5F374E}"
EndProject
Project("{8BC9CEB8-8B4A-11D0-8D11-00A0C91BC942}") = "03_03", "03_03\03_03.vcxproj", "{39D6780E-9EAB-4A7E-8688-0A239870FC19}"
EndProject
Project("{8BC9CEB8-8B4A-11D0-8D11-00A0C91BC942}") = "03_04", "03_04\03_04.vcxproj", "{46EB972D-BD93-462B-AA1A-74F7ED31EA38}"
EndProject
Project("{8BC9CEB8-8B4A-11D0-8D11-00A0C91BC942}") = "04_01", "04_01\04_01.vcxproj", "{2BAB14FA-6E14-499B-AD3B-0E0EFA1263BE}"
EndProject
Project("{8BC9CEB8-8B4A-11D0-8D11-00A0C91BC942}") = "05_01", "05_01\05_01.vcxproj", "{BE3F9393-A711-49BB-AA2E-EB89647039E9}"
EndProject
Project("{8BC9CEB8-8B4A-11D0-8D11-00A0C91BC942}") = "05_02", "05_02\05_02.vcxproj", "{77F16EB4-2380-4415-B379-607156C20864}"
EndProject
Project("{8BC9CEB8-8B4A-11D0-8D11-00A0C91BC942}") = "06_01", "06_01\06_01.vcxproj", "{85FAED06-4754-4A30-9C73-F376BE396632}"
EndProject
Global
	GlobalSection(SolutionConfigurationPlatforms) = preSolution
		Debug|x64 = Debug|x64
		Debug|x86 = Debug|x86
		Release|x64 = Release|x64
		Release|x86 = Release|x86
	EndGlobalSection
	GlobalSection(ProjectConfigurationPlatforms) = postSolution
		{42741E23-741A-4613-9E8D-B9659E2374D6}.Debug|x64.ActiveCfg = Debug|x64
		{42741E23-741A-4613-9E8D-B9659E2374D6}.Debug|x64.Build.0 = Debug|x64
		{42741E23-741A-4613-9E8D-B9659E2374D6}.Debug|x86.ActiveCfg = Debug|Win32
		{42741E23-741A-4613-9E8D-B9659E2374D6}.Debug|x86.Build.0 = Debug|Win32
		{42741E23-741A-4613-9E8D-B9659E2374D6}.Release|x64.ActiveCfg = Release|x64
		{42741E23-741A-4613-9E8D-B9659E2374D6}.Release|x64.Build.0 = Release|x64
		{42741E23-741A-4613-9E8D-B9659E2374D6}.Release|x86.ActiveCfg = Release|Win32
		{42741E23-741A-4613-9E8D-B9659E2374D6}.Release|x86.Build.0 = Release|Win32
		{2AD36BA8-2208-4D6D-B745-4DE37409B213}.Debug|x64.ActiveCfg = Debug|x64
		{2AD36BA8-2208-4D6D-B745-4DE37409B213}.Debug|x64.Build.0 = Debug|x64
		{2AD36BA8-2208-4D6D-B745-4DE37409B213}.Debug|x86.ActiveCfg = Debug|Win32
		{2AD36BA8-2208-4D6D-B745-4DE37409B213}.Debug|x86.Build.0 = Debug|Win32
		{2AD36BA8-2208-4D6D-B745-4DE37409B213}.Release|x64.ActiveCfg = Release|x64
		{2AD36BA8-2208-4D6D-B745-4DE37409B213}.Release|x64.Build.0 = Release|x64
		{2AD36BA8-2208-4D6D-B745-4DE37409B213}.Release|x86.ActiveCfg = Release|Win32
		{2AD36BA8-2208-4D6D-B745-4DE37409B213}.Release|x86.Build.0 = Release|Win32
		{6B001038-A9A9-4BEC-8122-26A767EDA66E}.Debug|x64.ActiveCfg = Debug|x64
		{6B001038-A9A9-4BEC-8122-26A767EDA66E}.Debug|x64.Build.0 = Debug|x64
		{6B001038-A9A9-4BEC-8122-26A767EDA66E}.Debug|x86.ActiveCfg = Debug|Win32
		{6B001038-A9A9-4BEC-8122-26A767EDA66E}.Debug|x86.Build.0 = Debug|Win32
		{6B001038-A9A9-4BEC-8122-26A767EDA66E}.Release|x64.ActiveCfg = Release|x64
		{6B001038-A9A9-4BEC-8122-26A767EDA66E}.Release|x64.Build.0 = Release|x64
		{6B001038-A9A9-4BEC-8122-26A767EDA66E}.Release|x86.ActiveCfg = Release|Win32
		{6B001038-A9A9-4BEC-8122-26A767EDA66E}.Release|x86.Build.0 = Release|Win32
		{5CA4832F-315F-41B4-A1F0-72E95D8E6E8B}.Debug|x64.ActiveCfg = Debug|x64
		{5CA4832F-315F-41B4-A1F0-72E95D8E6E8B}.Debug|x64.Build.0 = Debug|x64
		{5CA4832F-315F-41B4-A1F0-72E95D8E6E8B}.Debug|x86.ActiveCfg = Debug|Win32
		{5CA4832F-315F-41B4-A1F0-72E95D8E6E8B}.Debug|x86.Build.0 = Debug|Win32
		{5CA4832F-315F-41B4-A1F0-72E95D8E6E8B}.Release|x64.ActiveCfg = Release|x64
		{5CA4832F-315F-41B4-A1F0-72E95D8E6E8B}.Release|x64.Build.0 = Release|x64
		{5CA4832F-315F-41B4-A1F0-72E95D8E6E8B}.Release|x86.ActiveCfg = Release|Win32
		{5CA4832F-315F-41B4-A1F0-72E95D8E6E8B}.Release|x86.Build.0 = Release|Win32
		{40152525-978D-41F3-A006-678DA695000C}.Debug|x64.ActiveCfg = Debug|x64
		{40152525-978D-41F3-A006-678DA695000C}.Debug|x64.Build.0 = Debug|x64
		{40152525-978D-41F3-A006-678DA695000C}.Debug|x86.ActiveCfg = Debug|Win32
		{40152525-978D-41F3-A006-678DA695000C}.Debug|x86.Build.0 = Debug|Win32
		{40152525-978D-41F3-A006-678DA695000C}.Release|x64.ActiveCfg = Release|x64
		{40152525-978D-41F3-A006-678DA695000C}.Release|x64.Build.0 = Release|x64
		{40152525-978D-41F3-A006-678DA695000C}.Release|x86.ActiveCfg = Release|Win32
		{40152525-978D-41F3-A006-678DA695000C}.Release|x86.Build.0 = Release|Win32
		{4DCCC7A1-2A2D-476A-8B77-991CA7E29EB7}.Debug|x64.ActiveCfg = Debug|x64
		{4DCCC7A1-2A2D-476A-8B77-991CA7E29EB7}.Debug|x64.Build.0 = Debug|x64
		{4DCCC7A1-2A2D-476A-8B77-991CA7E29EB7}.Debug|x86.ActiveCfg = Debug|Win32
		{4DCCC7A1-2A2D-476A-8B77-991CA7E29EB7}.Debug|x86.Build.0 = Debug|Win32
		{4DCCC7A1-2A2D-476A-8B77-991CA7E29EB7}.Release|x64.ActiveCfg = Release|x64
		{4DCCC7A1-2A2D-476A-8B77-991CA7E29EB7}.Release|x64.Build.0 = Release|x64
		{4DCCC7A1-2A2D-476A-8B77-991CA7E29EB7}.Release|x86.ActiveCfg = Release|Win32
		{4DCCC7A1-2A2D-476A-8B77-991CA7E29EB7}.Release|x86.Build.0 = Release|Win32
		{03E34338-C38B-4AFC-BAF9-59B4A0C6F1B8}.Debug|x64.ActiveCfg = Debug|x64
		{03E34338-C38B-4AFC-BAF9-59B4A0C6F1B8}.Debug|x64.Build.0 = Debug|x64
		{03E34338-C38B-4AFC-BAF9-59B4A0C6F1B8}.Debug|x86.ActiveCfg = Debug|Win32
		{03E34338-C38B-4AFC-BAF9-59B4A0C6F1B8}.Debug|x86.Build.0 = Debug|Win32
		{03E34338-C38B-4AFC-BAF9-59B4A0C6F1B8}.Release|x64.ActiveCfg = Release|x64
		{03E34338-C38B-4AFC-BAF9-59B4A0C6F1B8}.Release|x64.Build.0 = Release|x64
		{03E34338-C38B-4AFC-BAF9-59B4A0C6F1B8}.Release|x86.ActiveCfg = Release|Win32
		{03E34338-C38B-4AFC-BAF9-59B4A0C6F1B8}.Release|x86.Build.0 = Release|Win32
		{750E5FE4-60A2-4B1D-9114-34A3ECF268B5}.Debug|x64.ActiveCfg = Debug|x64
		{750E5FE4-60A2-4B1D-9114-34A3ECF268B5}.Debug|x64.Build.0 = Debug|x64
		{750E5FE4-60A2-4B1D-9114-34A3ECF268B5}.Debug|x86.ActiveCfg = Debug|Win32
		{750E5FE4-60A2-4B1D-9114-34A3ECF268B5}.Debug|x86.Build.0 = Debug|Win32
		{750E5FE4-60A2-4B1D-9114-34A3ECF268B5}.Release|x64.ActiveCfg = Release|x64
		{750E5FE4-60A2-4B1D-9114-34A3ECF268B5}.Release|x64.Build.0 = Release|x64
		{750E5FE4-60A2-4B1D-9114-34A3ECF268B5}.Release|x86.ActiveCfg = Release|Win32
		{750E5FE4-60A2-4B1D-9114-34A3ECF268B5}.Release|x86.Build.0 = Release|Win32
		{54BCD83E-8132-4E4D-BF21-344EA3C2A2F5}.Debug|x64.ActiveCfg = Debug|x64
		{54BCD83E-8132-4E4D-BF21-344EA3C2A2F5}.Debug|x64.Build.0 = Debug|x64
		{54BCD83E-8132-4E4D-BF21-344EA3C2A2F5}.Debug|x86.ActiveCfg = Debug|Win32
		{54BCD83E-8132-4E4D-BF21-344EA3C2A2F5}.Debug|x86.Build.0 = Debug|Win32
		{54BCD83E-8132-4E4D-BF21-344EA3C2A2F5}.Release|x64.ActiveCfg = Release|x64
		{54BCD83E-8132-4E4D-BF21-344EA3C2A2F5}.Release|x64.Build.0 = Release|x64
		{54BCD83E-8132-4E4D-BF21-344EA3C2A2F5}.Release|x86.ActiveCfg = Release|Win32
		{54BCD83E-8132-4E4D-BF21-344EA3C2A2F5}.Release|x86.Build.0 = Release|Win32
		{1DB31718-6660-4C02-B1E0-DBFCFF5F374E}.Debug|x64.ActiveCfg = Debug|x64
		{1DB31718-6660-4C02-B1E0-DBFCFF5F374E}.Debug|x64.Build.0 = Debug|x64
		{1DB31718-6660-4C02-B1E0-DBFCFF5F374E}.Debug|x86.ActiveCfg = Debug|Win32
		{1DB31718-6660-4C02-B1E0-DBFCFF5F374E}.Debug|x86.Build.0 = Debug|Win32
		{1DB31718-6660-4C02-B1E0-DBFCFF5F374E}.Release|x64.ActiveCfg = Release|x64
		{1DB31718-6660-4C02-B1E0-DBFCFF5F374E}.Release|x64.Build.0 = Release|x64
		{1DB31718-6660-4C02-B1E0-DBFCFF5F374E}.Release|x86.ActiveCfg = Release|Win32
		{1DB31718-6660-4C02-B1E0-DBFCFF5F374E}.Release|x86.Build.0 = Release|Win32
		{39D6780E-9EAB-4A7E-8688-0A239870FC19}.Debug|x64.ActiveCfg = Debug|x64
		{39D6780E-9EAB-4A7E-8688-0A239870FC19}.Debug|x64.Build.0 = Debug|x64
		{39D6780E-9EAB-4A7E-8688-0A239870FC19}.Debug|x86.ActiveCfg = Debug|Win32
		{39D6780E-9EAB-4A7E-8688-0A239870FC19}.Debug|x86.Build.0 = Debug|Win32
		{39D6780E-9EAB-4A7E-8688-0A239870FC19}.Release|x64.ActiveCfg = Release|x64
		{39D6780E-9EAB-4A7E-8688-0A239870FC19}.Release|x64.Build.0 = Release|x64
		{39D6780E-9EAB-4A7E-8688-0A239870FC19}.Release|x86.ActiveCfg = Release|Win32
		{39D6780E-9EAB-4A7E-8688-0A239870FC19}.Release|x86.Build.0 = Release|Win32
		{46EB972D-BD93-462B-AA1A-74F7ED31EA38}.Debug|x64.ActiveCfg = Debug|x64
		{46EB972D-BD93-462B-AA1A-74F7ED31EA38}.Debug|x64.Build.0 = Debug|x64
		{46EB972D-BD93-462B-AA1A-74F7ED31EA38}.Debug|x86.ActiveCfg = Debug|Win32
		{46EB972D-BD93-462B-AA1A-74F7ED31EA38}.Debug|x86.Build.0 = Debug|Win32
		{46EB972D-BD93-462B-AA1A-74F7ED31EA38}.Release|x64.ActiveCfg = Release|x64
		{46EB972D-BD93-462B-AA1A-74F7ED31EA38}.Release|x64.Build.0 = Release|x64
		{46EB972D-BD93-462B-AA1A-74F7ED31EA38}.Release|x86.ActiveCfg = Release|Win32
		{46EB972D-BD93-462B-AA1A-74F7ED31EA38}.Release|x86.Build.0 = Release|Win32
		{2BAB14FA-6E14-499B-AD3B-0E0EFA1263BE}.Debug|x64.ActiveCfg = Debug|x64
		{2BAB14FA-6E14-499B-AD3B-0E0EFA1263BE}.Debug|x64.Build.0 = Debug|x64
		{2BAB14FA-6E14-499B-AD3B-0E0EFA1263BE}.Debug|x86.ActiveCfg = Debug|x64
		{2BAB14FA-6E14-499B-AD3B-0E0EFA1263BE}.Debug|x86.Build.0 = Debug|x64
		{2BAB14FA-6E14-499B-AD3B-0E0EFA1263BE}.Release|x64.ActiveCfg = Release|x64
		{2BAB14FA-6E14-499B-AD3B-0E0EFA1263BE}.Release|x64.Build.0 = Release|x64
		{2BAB14FA-6E14-499B-AD3B-0E0EFA1263BE}.Release|x86.ActiveCfg = Release|x64
		{2BAB14FA-6E14-499B-AD3B-0E0EFA1263BE}.Release|x86.Build.0 = Release|x64
		{BE3F9393-A711-49BB-AA2E-EB89647039E9}.Debug|x64.ActiveCfg = Debug|x64
		{BE3F9393-A711-49BB-AA2E-EB89647039E9}.Debug|x64.Build.0 = Debug|x64
		{BE3F9393-A711-49BB-AA2E-EB89647039E9}.Debug|x86.ActiveCfg = Debug|x64
		{BE3F9393-A711-49BB-AA2E-EB89647039E9}.Debug|x86.Build.0 = Debug|x64
		{BE3F9393-A711-49BB-AA2E-EB89647039E9}.Release|x64.ActiveCfg = Release|x64
		{BE3F9393-A711-49BB-AA2E-EB89647039E9}.Release|x64.Build.0 = Release|x64
		{BE3F9393-A711-49BB-AA2E-EB89647039E9}.Release|x86.ActiveCfg = Release|x64
		{BE3F9393-A711-49BB-AA2E-EB89647039E9}.Release|x86.Build.0 = Release|x64
		{77F16EB4-2380-4415-B379-607156C20864}.Debug|x64.ActiveCfg = Debug|x64
		{77F16EB4-2380-4415-B379-607156C20864}.Debug|x64.Build.0 = Debug|x64
		{77F16EB4-2380-4415-B379-607156C20864}.Debug|x86.ActiveCfg = Debug|x64
		{77F16EB4-2380-4415-B379-607156C20864}.Debug|x86.Build.0 = Debug|x64
		{77F16EB4-2380-4415-B379-607156C20864}.Release|x64.ActiveCfg = Release|x64
		{77F16EB4-2380-4415-B379-607156C20864}.Release|x64.Build.0 = Release|x64
		{77F16EB4-2380-4415-B379-607156C20864}.Release|x86.ActiveCfg = Release|x64
		{77F16EB4-2380-4415-B379-607156C20864}.Release|x86.Build.0 = Release|x64
		{85FAED06-4754-4A30-9C73-F376BE396632}.Debug|x64.ActiveCfg = Debug|x64
		{85FAED06-4754-4A30-9C73-F376BE396632}.Debug|x64.Build.0 = Debug|x64
		{85FAED06-4754-4A30-9C73-F376BE396632}.Debug|x86.ActiveCfg = Debug|Win32
		{85FAED06-4754-4A30-9C73-F376BE396632}.Debug|x86.Build.0 = Debug|Win32
		{85FAED06-4754-4A30-9C73-F376BE396632}.Release|x64.ActiveCfg = Release|x64
		{85FAED06-4754-4A30-9C73-F376BE396632}.Release|x64.Build.0 = Release|x64
		{85FAED06-4754-4A30-9C73-F376BE396632}.Release|x86.ActiveCfg = Release|Win32
		{85FAED06-4754-4A30-9C73-F376BE396632}.Release|x86.Build.0 = Release|Win32
	EndGlobalSection
	GlobalSection(SolutionProperties) = preSolution
		HideSolutionNode = FALSE
	EndGlobalSection
	GlobalSection(ExtensibilityGlobals) = postSolution
		SolutionGuid = {B702AD2E-4799-4AFB-A576-1B5BAA3F9CAE}
	EndGlobalSection
EndGlobal
